
Microsoft Visual Studio Solution File, Format Version 12.00
# Visual Studio Version 17
VisualStudioVersion = 17.10.34928.147
MinimumVisualStudioVersion = 10.0.40219.1
Project("{FAE04EC0-301F-11D3-BF4B-00C04F79EFBC}") = "SecilStoreExam", "SecilStoreExam\SecilStoreExam.csproj", "{C86120F4-9181-4024-A51F-4C5E7E929D0C}"
EndProject
Project("{FAE04EC0-301F-11D3-BF4B-00C04F79EFBC}") = "ConfigurationLibrary", "ConfigurationLibrary\ConfigurationLibrary.csproj", "{EFF2AC27-9826-4A11-8832-A94FF0E5B78D}"
EndProject
Global
	GlobalSection(SolutionConfigurationPlatforms) = preSolution
		Debug|Any CPU = Debug|Any CPU
		Release|Any CPU = Release|Any CPU
	EndGlobalSection
	GlobalSection(ProjectConfigurationPlatforms) = postSolution
		{C86120F4-9181-4024-A51F-4C5E7E929D0C}.Debug|Any CPU.ActiveCfg = Debug|Any CPU
		{C86120F4-9181-4024-A51F-4C5E7E929D0C}.Debug|Any CPU.Build.0 = Debug|Any CPU
		{C86120F4-9181-4024-A51F-4C5E7E929D0C}.Release|Any CPU.ActiveCfg = Release|Any CPU
		{C86120F4-9181-4024-A51F-4C5E7E929D0C}.Release|Any CPU.Build.0 = Release|Any CPU
		{EFF2AC27-9826-4A11-8832-A94FF0E5B78D}.Debug|Any CPU.ActiveCfg = Debug|Any CPU
		{EFF2AC27-9826-4A11-8832-A94FF0E5B78D}.Debug|Any CPU.Build.0 = Debug|Any CPU
		{EFF2AC27-9826-4A11-8832-A94FF0E5B78D}.Release|Any CPU.ActiveCfg = Release|Any CPU
		{EFF2AC27-9826-4A11-8832-A94FF0E5B78D}.Release|Any CPU.Build.0 = Release|Any CPU
	EndGlobalSection
	GlobalSection(SolutionProperties) = preSolution
		HideSolutionNode = FALSE
	EndGlobalSection
	GlobalSection(ExtensibilityGlobals) = postSolution
		SolutionGuid = {DABF7222-FA7F-4B9F-B060-D34837245F29}
	EndGlobalSection
EndGlobal
